
Microsoft Visual Studio Solution File, Format Version 12.00
# Visual Studio Version 17
VisualStudioVersion = 17.7.34024.191
MinimumVisualStudioVersion = 10.0.40219.1
Project("{FAE04EC0-301F-11D3-BF4B-00C04F79EFBC}") = "laboratory work", "laboratory work\laboratory work.csproj", "{9579D654-9395-45EA-9D64-D23DD1FB3945}"
EndProject
Global
	GlobalSection(SolutionConfigurationPlatforms) = preSolution
		Debug|Any CPU = Debug|Any CPU
		Release|Any CPU = Release|Any CPU
	EndGlobalSection
	GlobalSection(ProjectConfigurationPlatforms) = postSolution
		{9579D654-9395-45EA-9D64-D23DD1FB3945}.Debug|Any CPU.ActiveCfg = Debug|Any CPU
		{9579D654-9395-45EA-9D64-D23DD1FB3945}.Debug|Any CPU.Build.0 = Debug|Any CPU
		{9579D654-9395-45EA-9D64-D23DD1FB3945}.Release|Any CPU.ActiveCfg = Release|Any CPU
		{9579D654-9395-45EA-9D64-D23DD1FB3945}.Release|Any CPU.Build.0 = Release|Any CPU
	EndGlobalSection
	GlobalSection(SolutionProperties) = preSolution
		HideSolutionNode = FALSE
	EndGlobalSection
	GlobalSection(ExtensibilityGlobals) = postSolution
		SolutionGuid = {1DF3E239-2FC1-4117-9164-2114334BDC92}
	EndGlobalSection
EndGlobal
